
Microsoft Visual Studio Solution File, Format Version 12.00
# Visual Studio 15
VisualStudioVersion = 15.0.28306.52
MinimumVisualStudioVersion = 10.0.40219.1
Project("{9A19103F-16F7-4668-BE54-9A1E7A4F7556}") = "TestConsole", "TestConsole\TestConsole.csproj", "{02B3EE89-A4EE-4664-86A2-B6A8D6ABA1E5}"
EndProject
Project("{FAE04EC0-301F-11D3-BF4B-00C04F79EFBC}") = "TestService", "TestService\TestService.csproj", "{A3822EEA-EB86-44CA-B99B-EAF010F4A404}"
EndProject
Project("{FAE04EC0-301F-11D3-BF4B-00C04F79EFBC}") = "TestService.Tests", "TestService.Tests\TestService.Tests.csproj", "{CBC0E9AD-A3AC-4F51-9903-091C4BF3435E}"
EndProject
Project("{FAE04EC0-301F-11D3-BF4B-00C04F79EFBC}") = "TestFormGUI", "TestFormGUI\TestFormGUI.csproj", "{A52138D9-3459-410E-AE03-5FAC4A89FEC7}"
EndProject
Project("{FAE04EC0-301F-11D3-BF4B-00C04F79EFBC}") = "TestBusinessLogic", "TestBusinessLogic\TestBusinessLogic.csproj", "{7B2D0976-2727-488B-BE89-CF14E737FFD0}"
EndProject
Project("{2150E333-8FDC-42A3-9474-1A3956D46DE8}") = "ProjectTests", "ProjectTests", "{CC30A558-0FE5-4D96-B065-7C4BE3DA9DF2}"
EndProject
Project("{9A19103F-16F7-4668-BE54-9A1E7A4F7556}") = "Serialization", "Serialization\Serialization.csproj", "{7020E264-322E-46F6-BCA3-AC753CDBB978}"
EndProject
Global
	GlobalSection(SolutionConfigurationPlatforms) = preSolution
		Debug|Any CPU = Debug|Any CPU
		Release|Any CPU = Release|Any CPU
	EndGlobalSection
	GlobalSection(ProjectConfigurationPlatforms) = postSolution
		{02B3EE89-A4EE-4664-86A2-B6A8D6ABA1E5}.Debug|Any CPU.ActiveCfg = Debug|Any CPU
		{02B3EE89-A4EE-4664-86A2-B6A8D6ABA1E5}.Debug|Any CPU.Build.0 = Debug|Any CPU
		{02B3EE89-A4EE-4664-86A2-B6A8D6ABA1E5}.Release|Any CPU.ActiveCfg = Release|Any CPU
		{02B3EE89-A4EE-4664-86A2-B6A8D6ABA1E5}.Release|Any CPU.Build.0 = Release|Any CPU
		{A3822EEA-EB86-44CA-B99B-EAF010F4A404}.Debug|Any CPU.ActiveCfg = Debug|Any CPU
		{A3822EEA-EB86-44CA-B99B-EAF010F4A404}.Debug|Any CPU.Build.0 = Debug|Any CPU
		{A3822EEA-EB86-44CA-B99B-EAF010F4A404}.Release|Any CPU.ActiveCfg = Release|Any CPU
		{A3822EEA-EB86-44CA-B99B-EAF010F4A404}.Release|Any CPU.Build.0 = Release|Any CPU
		{CBC0E9AD-A3AC-4F51-9903-091C4BF3435E}.Debug|Any CPU.ActiveCfg = Debug|Any CPU
		{CBC0E9AD-A3AC-4F51-9903-091C4BF3435E}.Debug|Any CPU.Build.0 = Debug|Any CPU
		{CBC0E9AD-A3AC-4F51-9903-091C4BF3435E}.Release|Any CPU.ActiveCfg = Release|Any CPU
		{CBC0E9AD-A3AC-4F51-9903-091C4BF3435E}.Release|Any CPU.Build.0 = Release|Any CPU
		{A52138D9-3459-410E-AE03-5FAC4A89FEC7}.Debug|Any CPU.ActiveCfg = Debug|Any CPU
		{A52138D9-3459-410E-AE03-5FAC4A89FEC7}.Debug|Any CPU.Build.0 = Debug|Any CPU
		{A52138D9-3459-410E-AE03-5FAC4A89FEC7}.Release|Any CPU.ActiveCfg = Release|Any CPU
		{A52138D9-3459-410E-AE03-5FAC4A89FEC7}.Release|Any CPU.Build.0 = Release|Any CPU
		{7B2D0976-2727-488B-BE89-CF14E737FFD0}.Debug|Any CPU.ActiveCfg = Debug|Any CPU
		{7B2D0976-2727-488B-BE89-CF14E737FFD0}.Debug|Any CPU.Build.0 = Debug|Any CPU
		{7B2D0976-2727-488B-BE89-CF14E737FFD0}.Release|Any CPU.ActiveCfg = Release|Any CPU
		{7B2D0976-2727-488B-BE89-CF14E737FFD0}.Release|Any CPU.Build.0 = Release|Any CPU
		{7020E264-322E-46F6-BCA3-AC753CDBB978}.Debug|Any CPU.ActiveCfg = Debug|Any CPU
		{7020E264-322E-46F6-BCA3-AC753CDBB978}.Debug|Any CPU.Build.0 = Debug|Any CPU
		{7020E264-322E-46F6-BCA3-AC753CDBB978}.Release|Any CPU.ActiveCfg = Release|Any CPU
		{7020E264-322E-46F6-BCA3-AC753CDBB978}.Release|Any CPU.Build.0 = Release|Any CPU
	EndGlobalSection
	GlobalSection(SolutionProperties) = preSolution
		HideSolutionNode = FALSE
	EndGlobalSection
	GlobalSection(NestedProjects) = preSolution
		{CBC0E9AD-A3AC-4F51-9903-091C4BF3435E} = {CC30A558-0FE5-4D96-B065-7C4BE3DA9DF2}
	EndGlobalSection
	GlobalSection(ExtensibilityGlobals) = postSolution
		SolutionGuid = {C97A375A-2E6C-4224-9151-4FA7D216D828}
	EndGlobalSection
EndGlobal
